// !$*UTF8*$!
{
	archiveVersion = 1;
	classes = {
	};
	objectVersion = 46;
	objects = {

/* Begin PBXBuildFile section */
		E2E345A4181A71F000F47AA6 /* Foundation.framework in Frameworks */ = {isa = PBXBuildFile; fileRef = E2E345A3181A71F000F47AA6 /* Foundation.framework */; };
		E2E345A6181A71F000F47AA6 /* CoreGraphics.framework in Frameworks */ = {isa = PBXBuildFile; fileRef = E2E345A5181A71F000F47AA6 /* CoreGraphics.framework */; };
		E2E345A8181A71F000F47AA6 /* UIKit.framework in Frameworks */ = {isa = PBXBuildFile; fileRef = E2E345A7181A71F000F47AA6 /* UIKit.framework */; };
		E2E345AE181A71F000F47AA6 /* InfoPlist.strings in Resources */ = {isa = PBXBuildFile; fileRef = E2E345AC181A71F000F47AA6 /* InfoPlist.strings */; };
		E2E345B0181A71F000F47AA6 /* main.m in Sources */ = {isa = PBXBuildFile; fileRef = E2E345AF181A71F000F47AA6 /* main.m */; };
		E2E345B4181A71F000F47AA6 /* AppDelegate.m in Sources */ = {isa = PBXBuildFile; fileRef = E2E345B3181A71F000F47AA6 /* AppDelegate.m */; };
		E2E345B7181A71F000F47AA6 /* Main.storyboard in Resources */ = {isa = PBXBuildFile; fileRef = E2E345B5181A71F000F47AA6 /* Main.storyboard */; };
		E2E345BA181A71F000F47AA6 /* ViewController.m in Sources */ = {isa = PBXBuildFile; fileRef = E2E345B9181A71F000F47AA6 /* ViewController.m */; };
		E2E345BC181A71F000F47AA6 /* Images.xcassets in Resources */ = {isa = PBXBuildFile; fileRef = E2E345BB181A71F000F47AA6 /* Images.xcassets */; };
		E2E345C3181A71F000F47AA6 /* XCTest.framework in Frameworks */ = {isa = PBXBuildFile; fileRef = E2E345C2181A71F000F47AA6 /* XCTest.framework */; };
		E2E345C4181A71F000F47AA6 /* Foundation.framework in Frameworks */ = {isa = PBXBuildFile; fileRef = E2E345A3181A71F000F47AA6 /* Foundation.framework */; };
		E2E345C5181A71F000F47AA6 /* UIKit.framework in Frameworks */ = {isa = PBXBuildFile; fileRef = E2E345A7181A71F000F47AA6 /* UIKit.framework */; };
		E2E345CD181A71F000F47AA6 /* InfoPlist.strings in Resources */ = {isa = PBXBuildFile; fileRef = E2E345CB181A71F000F47AA6 /* InfoPlist.strings */; };
		E2E345CF181A71F000F47AA6 /* GoogleMapsAppTests.m in Sources */ = {isa = PBXBuildFile; fileRef = E2E345CE181A71F000F47AA6 /* GoogleMapsAppTests.m */; };
		E2E345D9181A721B00F47AA6 /* GoogleMaps.framework in Frameworks */ = {isa = PBXBuildFile; fileRef = E2E345D8181A721B00F47AA6 /* GoogleMaps.framework */; };
		E2E345DB181A722A00F47AA6 /* GoogleMaps.bundle in Resources */ = {isa = PBXBuildFile; fileRef = E2E345DA181A722A00F47AA6 /* GoogleMaps.bundle */; };
		E2E345E1181A725A00F47AA6 /* AVFoundation.framework in Frameworks */ = {isa = PBXBuildFile; fileRef = E2E345DC181A725A00F47AA6 /* AVFoundation.framework */; };
		E2E345E2181A725A00F47AA6 /* CoreData.framework in Frameworks */ = {isa = PBXBuildFile; fileRef = E2E345DD181A725A00F47AA6 /* CoreData.framework */; };
		E2E345E3181A725A00F47AA6 /* CoreText.framework in Frameworks */ = {isa = PBXBuildFile; fileRef = E2E345DE181A725A00F47AA6 /* CoreText.framework */; };
		E2E345E4181A725A00F47AA6 /* GLKit.framework in Frameworks */ = {isa = PBXBuildFile; fileRef = E2E345DF181A725A00F47AA6 /* GLKit.framework */; };
		E2E345E5181A725A00F47AA6 /* ImageIO.framework in Frameworks */ = {isa = PBXBuildFile; fileRef = E2E345E0181A725A00F47AA6 /* ImageIO.framework */; };
		E2E345E7181A726700F47AA6 /* libc++.dylib in Frameworks */ = {isa = PBXBuildFile; fileRef = E2E345E6181A726700F47AA6 /* libc++.dylib */; };
		E2E345E9181A727900F47AA6 /* libicucore.dylib in Frameworks */ = {isa = PBXBuildFile; fileRef = E2E345E8181A727900F47AA6 /* libicucore.dylib */; };
		E2E345EB181A728200F47AA6 /* libz.dylib in Frameworks */ = {isa = PBXBuildFile; fileRef = E2E345EA181A728200F47AA6 /* libz.dylib */; };
		E2E345ED181A728D00F47AA6 /* OpenGLES.framework in Frameworks */ = {isa = PBXBuildFile; fileRef = E2E345EC181A728D00F47AA6 /* OpenGLES.framework */; };
		E2E345EF181A729800F47AA6 /* QuartzCore.framework in Frameworks */ = {isa = PBXBuildFile; fileRef = E2E345EE181A729800F47AA6 /* QuartzCore.framework */; };
		E2E345F1181A72C600F47AA6 /* SystemConfiguration.framework in Frameworks */ = {isa = PBXBuildFile; fileRef = E2E345F0181A72C600F47AA6 /* SystemConfiguration.framework */; };
		E2E345F4181A855100F47AA6 /* plane.png in Resources */ = {isa = PBXBuildFile; fileRef = E2E345F3181A855100F47AA6 /* plane.png */; };
/* End PBXBuildFile section */

/* Begin PBXContainerItemProxy section */
		E2E345C6181A71F000F47AA6 /* PBXContainerItemProxy */ = {
			isa = PBXContainerItemProxy;
			containerPortal = E2E34598181A71F000F47AA6 /* Project object */;
			proxyType = 1;
			remoteGlobalIDString = E2E3459F181A71F000F47AA6;
			remoteInfo = GoogleMapsApp;
		};
/* End PBXContainerItemProxy section */

/* Begin PBXFileReference section */
		E2E345A0181A71F000F47AA6 /* GoogleMapsApp.app */ = {isa = PBXFileReference; explicitFileType = wrapper.application; includeInIndex = 0; path = GoogleMapsApp.app; sourceTree = BUILT_PRODUCTS_DIR; };
		E2E345A3181A71F000F47AA6 /* Foundation.framework */ = {isa = PBXFileReference; lastKnownFileType = wrapper.framework; name = Foundation.framework; path = System/Library/Frameworks/Foundation.framework; sourceTree = SDKROOT; };
		E2E345A5181A71F000F47AA6 /* CoreGraphics.framework */ = {isa = PBXFileReference; lastKnownFileType = wrapper.framework; name = CoreGraphics.framework; path = System/Library/Frameworks/CoreGraphics.framework; sourceTree = SDKROOT; };
		E2E345A7181A71F000F47AA6 /* UIKit.framework */ = {isa = PBXFileReference; lastKnownFileType = wrapper.framework; name = UIKit.framework; path = System/Library/Frameworks/UIKit.framework; sourceTree = SDKROOT; };
		E2E345AB181A71F000F47AA6 /* GoogleMapsApp-Info.plist */ = {isa = PBXFileReference; lastKnownFileType = text.plist.xml; path = "GoogleMapsApp-Info.plist"; sourceTree = "<group>"; };
		E2E345AD181A71F000F47AA6 /* en */ = {isa = PBXFileReference; lastKnownFileType = text.plist.strings; name = en; path = en.lproj/InfoPlist.strings; sourceTree = "<group>"; };
		E2E345AF181A71F000F47AA6 /* main.m */ = {isa = PBXFileReference; lastKnownFileType = sourcecode.c.objc; path = main.m; sourceTree = "<group>"; };
		E2E345B1181A71F000F47AA6 /* GoogleMapsApp-Prefix.pch */ = {isa = PBXFileReference; lastKnownFileType = sourcecode.c.h; path = "GoogleMapsApp-Prefix.pch"; sourceTree = "<group>"; };
		E2E345B2181A71F000F47AA6 /* AppDelegate.h */ = {isa = PBXFileReference; lastKnownFileType = sourcecode.c.h; path = AppDelegate.h; sourceTree = "<group>"; };
		E2E345B3181A71F000F47AA6 /* AppDelegate.m */ = {isa = PBXFileReference; lastKnownFileType = sourcecode.c.objc; path = AppDelegate.m; sourceTree = "<group>"; };
		E2E345B6181A71F000F47AA6 /* Base */ = {isa = PBXFileReference; lastKnownFileType = file.storyboard; name = Base; path = Base.lproj/Main.storyboard; sourceTree = "<group>"; };
		E2E345B8181A71F000F47AA6 /* ViewController.h */ = {isa = PBXFileReference; lastKnownFileType = sourcecode.c.h; path = ViewController.h; sourceTree = "<group>"; };
		E2E345B9181A71F000F47AA6 /* ViewController.m */ = {isa = PBXFileReference; lastKnownFileType = sourcecode.c.objc; path = ViewController.m; sourceTree = "<group>"; };
		E2E345BB181A71F000F47AA6 /* Images.xcassets */ = {isa = PBXFileReference; lastKnownFileType = folder.assetcatalog; path = Images.xcassets; sourceTree = "<group>"; };
		E2E345C1181A71F000F47AA6 /* GoogleMapsAppTests.xctest */ = {isa = PBXFileReference; explicitFileType = wrapper.cfbundle; includeInIndex = 0; path = GoogleMapsAppTests.xctest; sourceTree = BUILT_PRODUCTS_DIR; };
		E2E345C2181A71F000F47AA6 /* XCTest.framework */ = {isa = PBXFileReference; lastKnownFileType = wrapper.framework; name = XCTest.framework; path = Library/Frameworks/XCTest.framework; sourceTree = DEVELOPER_DIR; };
		E2E345CA181A71F000F47AA6 /* GoogleMapsAppTests-Info.plist */ = {isa = PBXFileReference; lastKnownFileType = text.plist.xml; path = "GoogleMapsAppTests-Info.plist"; sourceTree = "<group>"; };
		E2E345CC181A71F000F47AA6 /* en */ = {isa = PBXFileReference; lastKnownFileType = text.plist.strings; name = en; path = en.lproj/InfoPlist.strings; sourceTree = "<group>"; };
		E2E345CE181A71F000F47AA6 /* GoogleMapsAppTests.m */ = {isa = PBXFileReference; lastKnownFileType = sourcecode.c.objc; path = GoogleMapsAppTests.m; sourceTree = "<group>"; };
		E2E345D8181A721B00F47AA6 /* GoogleMaps.framework */ = {isa = PBXFileReference; lastKnownFileType = wrapper.framework; path = GoogleMaps.framework; sourceTree = "<group>"; };
		E2E345DA181A722A00F47AA6 /* GoogleMaps.bundle */ = {isa = PBXFileReference; lastKnownFileType = "wrapper.plug-in"; name = GoogleMaps.bundle; path = GoogleMaps.framework/Versions/A/Resources/GoogleMaps.bundle; sourceTree = "<group>"; };
		E2E345DC181A725A00F47AA6 /* AVFoundation.framework */ = {isa = PBXFileReference; lastKnownFileType = wrapper.framework; name = AVFoundation.framework; path = System/Library/Frameworks/AVFoundation.framework; sourceTree = SDKROOT; };
		E2E345DD181A725A00F47AA6 /* CoreData.framework */ = {isa = PBXFileReference; lastKnownFileType = wrapper.framework; name = CoreData.framework; path = System/Library/Frameworks/CoreData.framework; sourceTree = SDKROOT; };
		E2E345DE181A725A00F47AA6 /* CoreText.framework */ = {isa = PBXFileReference; lastKnownFileType = wrapper.framework; name = CoreText.framework; path = System/Library/Frameworks/CoreText.framework; sourceTree = SDKROOT; };
		E2E345DF181A725A00F47AA6 /* GLKit.framework */ = {isa = PBXFileReference; lastKnownFileType = wrapper.framework; name = GLKit.framework; path = System/Library/Frameworks/GLKit.framework; sourceTree = SDKROOT; };
		E2E345E0181A725A00F47AA6 /* ImageIO.framework */ = {isa = PBXFileReference; lastKnownFileType = wrapper.framework; name = ImageIO.framework; path = System/Library/Frameworks/ImageIO.framework; sourceTree = SDKROOT; };
		E2E345E6181A726700F47AA6 /* libc++.dylib */ = {isa = PBXFileReference; lastKnownFileType = "compiled.mach-o.dylib"; name = "libc++.dylib"; path = "usr/lib/libc++.dylib"; sourceTree = SDKROOT; };
		E2E345E8181A727900F47AA6 /* libicucore.dylib */ = {isa = PBXFileReference; lastKnownFileType = "compiled.mach-o.dylib"; name = libicucore.dylib; path = usr/lib/libicucore.dylib; sourceTree = SDKROOT; };
		E2E345EA181A728200F47AA6 /* libz.dylib */ = {isa = PBXFileReference; lastKnownFileType = "compiled.mach-o.dylib"; name = libz.dylib; path = usr/lib/libz.dylib; sourceTree = SDKROOT; };
		E2E345EC181A728D00F47AA6 /* OpenGLES.framework */ = {isa = PBXFileReference; lastKnownFileType = wrapper.framework; name = OpenGLES.framework; path = System/Library/Frameworks/OpenGLES.framework; sourceTree = SDKROOT; };
		E2E345EE181A729800F47AA6 /* QuartzCore.framework */ = {isa = PBXFileReference; lastKnownFileType = wrapper.framework; name = QuartzCore.framework; path = System/Library/Frameworks/QuartzCore.framework; sourceTree = SDKROOT; };
		E2E345F0181A72C600F47AA6 /* SystemConfiguration.framework */ = {isa = PBXFileReference; lastKnownFileType = wrapper.framework; name = SystemConfiguration.framework; path = System/Library/Frameworks/SystemConfiguration.framework; sourceTree = SDKROOT; };
		E2E345F3181A855100F47AA6 /* plane.png */ = {isa = PBXFileReference; lastKnownFileType = image.png; path = plane.png; sourceTree = "<group>"; };
/* End PBXFileReference section */

/* Begin PBXFrameworksBuildPhase section */
		E2E3459D181A71F000F47AA6 /* Frameworks */ = {
			isa = PBXFrameworksBuildPhase;
			buildActionMask = 2147483647;
			files = (
				E2E345F1181A72C600F47AA6 /* SystemConfiguration.framework in Frameworks */,
				E2E345EF181A729800F47AA6 /* QuartzCore.framework in Frameworks */,
				E2E345ED181A728D00F47AA6 /* OpenGLES.framework in Frameworks */,
				E2E345EB181A728200F47AA6 /* libz.dylib in Frameworks */,
				E2E345E9181A727900F47AA6 /* libicucore.dylib in Frameworks */,
				E2E345E7181A726700F47AA6 /* libc++.dylib in Frameworks */,
				E2E345E1181A725A00F47AA6 /* AVFoundation.framework in Frameworks */,
				E2E345E2181A725A00F47AA6 /* CoreData.framework in Frameworks */,
				E2E345E3181A725A00F47AA6 /* CoreText.framework in Frameworks */,
				E2E345E4181A725A00F47AA6 /* GLKit.framework in Frameworks */,
				E2E345E5181A725A00F47AA6 /* ImageIO.framework in Frameworks */,
				E2E345A6181A71F000F47AA6 /* CoreGraphics.framework in Frameworks */,
				E2E345A8181A71F000F47AA6 /* UIKit.framework in Frameworks */,
				E2E345D9181A721B00F47AA6 /* GoogleMaps.framework in Frameworks */,
				E2E345A4181A71F000F47AA6 /* Foundation.framework in Frameworks */,
			);
			runOnlyForDeploymentPostprocessing = 0;
		};
		E2E345BE181A71F000F47AA6 /* Frameworks */ = {
			isa = PBXFrameworksBuildPhase;
			buildActionMask = 2147483647;
			files = (
				E2E345C3181A71F000F47AA6 /* XCTest.framework in Frameworks */,
				E2E345C5181A71F000F47AA6 /* UIKit.framework in Frameworks */,
				E2E345C4181A71F000F47AA6 /* Foundation.framework in Frameworks */,
			);
			runOnlyForDeploymentPostprocessing = 0;
		};
/* End PBXFrameworksBuildPhase section */

/* Begin PBXGroup section */
		E2E34597181A71F000F47AA6 = {
			isa = PBXGroup;
			children = (
				E2E345A9181A71F000F47AA6 /* GoogleMapsApp */,
				E2E345C8181A71F000F47AA6 /* GoogleMapsAppTests */,
				E2E345A2181A71F000F47AA6 /* Frameworks */,
				E2E345A1181A71F000F47AA6 /* Products */,
			);
			sourceTree = "<group>";
		};
		E2E345A1181A71F000F47AA6 /* Products */ = {
			isa = PBXGroup;
			children = (
				E2E345A0181A71F000F47AA6 /* GoogleMapsApp.app */,
				E2E345C1181A71F000F47AA6 /* GoogleMapsAppTests.xctest */,
			);
			name = Products;
			sourceTree = "<group>";
		};
		E2E345A2181A71F000F47AA6 /* Frameworks */ = {
			isa = PBXGroup;
			children = (
				E2E345F0181A72C600F47AA6 /* SystemConfiguration.framework */,
				E2E345EE181A729800F47AA6 /* QuartzCore.framework */,
				E2E345EC181A728D00F47AA6 /* OpenGLES.framework */,
				E2E345EA181A728200F47AA6 /* libz.dylib */,
				E2E345E8181A727900F47AA6 /* libicucore.dylib */,
				E2E345E6181A726700F47AA6 /* libc++.dylib */,
				E2E345DC181A725A00F47AA6 /* AVFoundation.framework */,
				E2E345DD181A725A00F47AA6 /* CoreData.framework */,
				E2E345DE181A725A00F47AA6 /* CoreText.framework */,
				E2E345DF181A725A00F47AA6 /* GLKit.framework */,
				E2E345E0181A725A00F47AA6 /* ImageIO.framework */,
				E2E345DA181A722A00F47AA6 /* GoogleMaps.bundle */,
				E2E345D8181A721B00F47AA6 /* GoogleMaps.framework */,
				E2E345A3181A71F000F47AA6 /* Foundation.framework */,
				E2E345A5181A71F000F47AA6 /* CoreGraphics.framework */,
				E2E345A7181A71F000F47AA6 /* UIKit.framework */,
				E2E345C2181A71F000F47AA6 /* XCTest.framework */,
			);
			name = Frameworks;
			sourceTree = "<group>";
		};
		E2E345A9181A71F000F47AA6 /* GoogleMapsApp */ = {
			isa = PBXGroup;
			children = (
				E2E345F2181A853600F47AA6 /* resources */,
				E2E345B2181A71F000F47AA6 /* AppDelegate.h */,
				E2E345B3181A71F000F47AA6 /* AppDelegate.m */,
				E2E345B5181A71F000F47AA6 /* Main.storyboard */,
				E2E345B8181A71F000F47AA6 /* ViewController.h */,
				E2E345B9181A71F000F47AA6 /* ViewController.m */,
				E2E345BB181A71F000F47AA6 /* Images.xcassets */,
				E2E345AA181A71F000F47AA6 /* Supporting Files */,
			);
			path = GoogleMapsApp;
			sourceTree = "<group>";
		};
		E2E345AA181A71F000F47AA6 /* Supporting Files */ = {
			isa = PBXGroup;
			children = (
				E2E345AB181A71F000F47AA6 /* GoogleMapsApp-Info.plist */,
				E2E345AC181A71F000F47AA6 /* InfoPlist.strings */,
				E2E345AF181A71F000F47AA6 /* main.m */,
				E2E345B1181A71F000F47AA6 /* GoogleMapsApp-Prefix.pch */,
			);
			name = "Supporting Files";
			sourceTree = "<group>";
		};
		E2E345C8181A71F000F47AA6 /* GoogleMapsAppTests */ = {
			isa = PBXGroup;
			children = (
				E2E345CE181A71F000F47AA6 /* GoogleMapsAppTests.m */,
				E2E345C9181A71F000F47AA6 /* Supporting Files */,
			);
			path = GoogleMapsAppTests;
			sourceTree = "<group>";
		};
		E2E345C9181A71F000F47AA6 /* Supporting Files */ = {
			isa = PBXGroup;
			children = (
				E2E345CA181A71F000F47AA6 /* GoogleMapsAppTests-Info.plist */,
				E2E345CB181A71F000F47AA6 /* InfoPlist.strings */,
			);
			name = "Supporting Files";
			sourceTree = "<group>";
		};
		E2E345F2181A853600F47AA6 /* resources */ = {
			isa = PBXGroup;
			children = (
				E2E345F3181A855100F47AA6 /* plane.png */,
			);
			name = resources;
			sourceTree = "<group>";
		};
/* End PBXGroup section */

/* Begin PBXNativeTarget section */
		E2E3459F181A71F000F47AA6 /* GoogleMapsApp */ = {
			isa = PBXNativeTarget;
			buildConfigurationList = E2E345D2181A71F000F47AA6 /* Build configuration list for PBXNativeTarget "GoogleMapsApp" */;
			buildPhases = (
				E2E3459C181A71F000F47AA6 /* Sources */,
				E2E3459D181A71F000F47AA6 /* Frameworks */,
				E2E3459E181A71F000F47AA6 /* Resources */,
			);
			buildRules = (
			);
			dependencies = (
			);
			name = GoogleMapsApp;
			productName = GoogleMapsApp;
			productReference = E2E345A0181A71F000F47AA6 /* GoogleMapsApp.app */;
			productType = "com.apple.product-type.application";
		};
		E2E345C0181A71F000F47AA6 /* GoogleMapsAppTests */ = {
			isa = PBXNativeTarget;
			buildConfigurationList = E2E345D5181A71F000F47AA6 /* Build configuration list for PBXNativeTarget "GoogleMapsAppTests" */;
			buildPhases = (
				E2E345BD181A71F000F47AA6 /* Sources */,
				E2E345BE181A71F000F47AA6 /* Frameworks */,
				E2E345BF181A71F000F47AA6 /* Resources */,
			);
			buildRules = (
			);
			dependencies = (
				E2E345C7181A71F000F47AA6 /* PBXTargetDependency */,
			);
			name = GoogleMapsAppTests;
			productName = GoogleMapsAppTests;
			productReference = E2E345C1181A71F000F47AA6 /* GoogleMapsAppTests.xctest */;
			productType = "com.apple.product-type.bundle.unit-test";
		};
/* End PBXNativeTarget section */

/* Begin PBXProject section */
		E2E34598181A71F000F47AA6 /* Project object */ = {
			isa = PBXProject;
			attributes = {
				LastUpgradeCheck = 0500;
				ORGANIZATIONNAME = "Vivek Madkaikar";
				TargetAttributes = {
					E2E345C0181A71F000F47AA6 = {
						TestTargetID = E2E3459F181A71F000F47AA6;
					};
				};
			};
			buildConfigurationList = E2E3459B181A71F000F47AA6 /* Build configuration list for PBXProject "GoogleMapsApp" */;
			compatibilityVersion = "Xcode 3.2";
			developmentRegion = English;
			hasScannedForEncodings = 0;
			knownRegions = (
				en,
				Base,
			);
			mainGroup = E2E34597181A71F000F47AA6;
			productRefGroup = E2E345A1181A71F000F47AA6 /* Products */;
			projectDirPath = "";
			projectRoot = "";
			targets = (
				E2E3459F181A71F000F47AA6 /* GoogleMapsApp */,
				E2E345C0181A71F000F47AA6 /* GoogleMapsAppTests */,
			);
		};
/* End PBXProject section */

/* Begin PBXResourcesBuildPhase section */
		E2E3459E181A71F000F47AA6 /* Resources */ = {
			isa = PBXResourcesBuildPhase;
			buildActionMask = 2147483647;
			files = (
				E2E345BC181A71F000F47AA6 /* Images.xcassets in Resources */,
				E2E345AE181A71F000F47AA6 /* InfoPlist.strings in Resources */,
				E2E345F4181A855100F47AA6 /* plane.png in Resources */,
				E2E345B7181A71F000F47AA6 /* Main.storyboard in Resources */,
				E2E345DB181A722A00F47AA6 /* GoogleMaps.bundle in Resources */,
			);
			runOnlyForDeploymentPostprocessing = 0;
		};
		E2E345BF181A71F000F47AA6 /* Resources */ = {
			isa = PBXResourcesBuildPhase;
			buildActionMask = 2147483647;
			files = (
				E2E345CD181A71F000F47AA6 /* InfoPlist.strings in Resources */,
			);
			runOnlyForDeploymentPostprocessing = 0;
		};
/* End PBXResourcesBuildPhase section */

/* Begin PBXSourcesBuildPhase section */
		E2E3459C181A71F000F47AA6 /* Sources */ = {
			isa = PBXSourcesBuildPhase;
			buildActionMask = 2147483647;
			files = (
				E2E345BA181A71F000F47AA6 /* ViewController.m in Sources */,
				E2E345B4181A71F000F47AA6 /* AppDelegate.m in Sources */,
				E2E345B0181A71F000F47AA6 /* main.m in Sources */,
			);
			runOnlyForDeploymentPostprocessing = 0;
		};
		E2E345BD181A71F000F47AA6 /* Sources */ = {
			isa = PBXSourcesBuildPhase;
			buildActionMask = 2147483647;
			files = (
				E2E345CF181A71F000F47AA6 /* GoogleMapsAppTests.m in Sources */,
			);
			runOnlyForDeploymentPostprocessing = 0;
		};
/* End PBXSourcesBuildPhase section */

/* Begin PBXTargetDependency section */
		E2E345C7181A71F000F47AA6 /* PBXTargetDependency */ = {
			isa = PBXTargetDependency;
			target = E2E3459F181A71F000F47AA6 /* GoogleMapsApp */;
			targetProxy = E2E345C6181A71F000F47AA6 /* PBXContainerItemProxy */;
		};
/* End PBXTargetDependency section */

/* Begin PBXVariantGroup section */
		E2E345AC181A71F000F47AA6 /* InfoPlist.strings */ = {
			isa = PBXVariantGroup;
			children = (
				E2E345AD181A71F000F47AA6 /* en */,
			);
			name = InfoPlist.strings;
			sourceTree = "<group>";
		};
		E2E345B5181A71F000F47AA6 /* Main.storyboard */ = {
			isa = PBXVariantGroup;
			children = (
				E2E345B6181A71F000F47AA6 /* Base */,
			);
			name = Main.storyboard;
			sourceTree = "<group>";
		};
		E2E345CB181A71F000F47AA6 /* InfoPlist.strings */ = {
			isa = PBXVariantGroup;
			children = (
				E2E345CC181A71F000F47AA6 /* en */,
			);
			name = InfoPlist.strings;
			sourceTree = "<group>";
		};
/* End PBXVariantGroup section */

/* Begin XCBuildConfiguration section */
		E2E345D0181A71F000F47AA6 /* Debug */ = {
			isa = XCBuildConfiguration;
			buildSettings = {
				ALWAYS_SEARCH_USER_PATHS = NO;
				ARCHS = "$(ARCHS_STANDARD_INCLUDING_64_BIT)";
				CLANG_CXX_LANGUAGE_STANDARD = "gnu++0x";
				CLANG_CXX_LIBRARY = "libc++";
				CLANG_ENABLE_MODULES = YES;
				CLANG_ENABLE_OBJC_ARC = YES;
				CLANG_WARN_BOOL_CONVERSION = YES;
				CLANG_WARN_CONSTANT_CONVERSION = YES;
				CLANG_WARN_DIRECT_OBJC_ISA_USAGE = YES_ERROR;
				CLANG_WARN_EMPTY_BODY = YES;
				CLANG_WARN_ENUM_CONVERSION = YES;
				CLANG_WARN_INT_CONVERSION = YES;
				CLANG_WARN_OBJC_ROOT_CLASS = YES_ERROR;
				CLANG_WARN__DUPLICATE_METHOD_MATCH = YES;
				"CODE_SIGN_IDENTITY[sdk=iphoneos*]" = "iPhone Developer";
				COPY_PHASE_STRIP = NO;
				GCC_C_LANGUAGE_STANDARD = gnu99;
				GCC_DYNAMIC_NO_PIC = NO;
				GCC_OPTIMIZATION_LEVEL = 0;
				GCC_PREPROCESSOR_DEFINITIONS = (
					"DEBUG=1",
					"$(inherited)",
				);
				GCC_SYMBOLS_PRIVATE_EXTERN = NO;
				GCC_WARN_64_TO_32_BIT_CONVERSION = YES;
				GCC_WARN_ABOUT_RETURN_TYPE = YES_ERROR;
				GCC_WARN_UNDECLARED_SELECTOR = YES;
				GCC_WARN_UNINITIALIZED_AUTOS = YES;
				GCC_WARN_UNUSED_FUNCTION = YES;
				GCC_WARN_UNUSED_VARIABLE = YES;
				IPHONEOS_DEPLOYMENT_TARGET = 7.0;
				ONLY_ACTIVE_ARCH = YES;
				"OTHER_LDFLAGS[arch=*]" = "-ObjC";
				SDKROOT = iphoneos;
				TARGETED_DEVICE_FAMILY = 2;
			};
			name = Debug;
		};
		E2E345D1181A71F000F47AA6 /* Release */ = {
			isa = XCBuildConfiguration;
			buildSettings = {
				ALWAYS_SEARCH_USER_PATHS = NO;
				ARCHS = "$(ARCHS_STANDARD_INCLUDING_64_BIT)";
				CLANG_CXX_LANGUAGE_STANDARD = "gnu++0x";
				CLANG_CXX_LIBRARY = "libc++";
				CLANG_ENABLE_MODULES = YES;
				CLANG_ENABLE_OBJC_ARC = YES;
				CLANG_WARN_BOOL_CONVERSION = YES;
				CLANG_WARN_CONSTANT_CONVERSION = YES;
				CLANG_WARN_DIRECT_OBJC_ISA_USAGE = YES_ERROR;
				CLANG_WARN_EMPTY_BODY = YES;
				CLANG_WARN_ENUM_CONVERSION = YES;
				CLANG_WARN_INT_CONVERSION = YES;
				CLANG_WARN_OBJC_ROOT_CLASS = YES_ERROR;
				CLANG_WARN__DUPLICATE_METHOD_MATCH = YES;
				"CODE_SIGN_IDENTITY[sdk=iphoneos*]" = "iPhone Developer";
				COPY_PHASE_STRIP = YES;
				ENABLE_NS_ASSERTIONS = NO;
				GCC_C_LANGUAGE_STANDARD = gnu99;
				GCC_WARN_64_TO_32_BIT_CONVERSION = YES;
				GCC_WARN_ABOUT_RETURN_TYPE = YES_ERROR;
				GCC_WARN_UNDECLARED_SELECTOR = YES;
				GCC_WARN_UNINITIALIZED_AUTOS = YES;
				GCC_WARN_UNUSED_FUNCTION = YES;
				GCC_WARN_UNUSED_VARIABLE = YES;
				IPHONEOS_DEPLOYMENT_TARGET = 7.0;
				SDKROOT = iphoneos;
				TARGETED_DEVICE_FAMILY = 2;
				VALIDATE_PRODUCT = YES;
			};
			name = Release;
		};
		E2E345D3181A71F000F47AA6 /* Debug */ = {
			isa = XCBuildConfiguration;
			buildSettings = {
				ASSETCATALOG_COMPILER_APPICON_NAME = AppIcon;
				ASSETCATALOG_COMPILER_LAUNCHIMAGE_NAME = LaunchImage;
				FRAMEWORK_SEARCH_PATHS = (
					"$(inherited)",
					/Users/vivek/Work/MobileApps/IOS/GoogleMapsApp,
				);
				GCC_PRECOMPILE_PREFIX_HEADER = YES;
				GCC_PREFIX_HEADER = "GoogleMapsApp/GoogleMapsApp-Prefix.pch";
				INFOPLIST_FILE = "GoogleMapsApp/GoogleMapsApp-Info.plist";
				PRODUCT_NAME = "$(TARGET_NAME)";
				WRAPPER_EXTENSION = app;
			};
			name = Debug;
		};
		E2E345D4181A71F000F47AA6 /* Release */ = {
			isa = XCBuildConfiguration;
			buildSettings = {
				ASSETCATALOG_COMPILER_APPICON_NAME = AppIcon;
				ASSETCATALOG_COMPILER_LAUNCHIMAGE_NAME = LaunchImage;
				FRAMEWORK_SEARCH_PATHS = (
					"$(inherited)",
					/Users/vivek/Work/MobileApps/IOS/GoogleMapsApp,
				);
				GCC_PRECOMPILE_PREFIX_HEADER = YES;
				GCC_PREFIX_HEADER = "GoogleMapsApp/GoogleMapsApp-Prefix.pch";
				INFOPLIST_FILE = "GoogleMapsApp/GoogleMapsApp-Info.plist";
				PRODUCT_NAME = "$(TARGET_NAME)";
				WRAPPER_EXTENSION = app;
			};
			name = Release;
		};
		E2E345D6181A71F000F47AA6 /* Debug */ = {
			isa = XCBuildConfiguration;
			buildSettings = {
				ARCHS = "$(ARCHS_STANDARD_INCLUDING_64_BIT)";
				BUNDLE_LOADER = "$(BUILT_PRODUCTS_DIR)/GoogleMapsApp.app/GoogleMapsApp";
				FRAMEWORK_SEARCH_PATHS = (
					"$(SDKROOT)/Developer/Library/Frameworks",
					"$(inherited)",
					"$(DEVELOPER_FRAMEWORKS_DIR)",
				);
				GCC_PRECOMPILE_PREFIX_HEADER = YES;
				GCC_PREFIX_HEADER = "GoogleMapsApp/GoogleMapsApp-Prefix.pch";
				GCC_PREPROCESSOR_DEFINITIONS = (
					"DEBUG=1",
					"$(inherited)",
				);
				INFOPLIST_FILE = "GoogleMapsAppTests/GoogleMapsAppTests-Info.plist";
				PRODUCT_NAME = "$(TARGET_NAME)";
				TEST_HOST = "$(BUNDLE_LOADER)";
				WRAPPER_EXTENSION = xctest;
			};
			name = Debug;
		};
		E2E345D7181A71F000F47AA6 /* Release */ = {
			isa = XCBuildConfiguration;
			buildSettings = {
				ARCHS = "$(ARCHS_STANDARD_INCLUDING_64_BIT)";
				BUNDLE_LOADER = "$(BUILT_PRODUCTS_DIR)/GoogleMapsApp.app/GoogleMapsApp";
				FRAMEWORK_SEARCH_PATHS = (
					"$(SDKROOT)/Developer/Library/Frameworks",
					"$(inherited)",
					"$(DEVELOPER_FRAMEWORKS_DIR)",
				);
				GCC_PRECOMPILE_PREFIX_HEADER = YES;
				GCC_PREFIX_HEADER = "GoogleMapsApp/GoogleMapsApp-Prefix.pch";
				INFOPLIST_FILE = "GoogleMapsAppTests/GoogleMapsAppTests-Info.plist";
				PRODUCT_NAME = "$(TARGET_NAME)";
				TEST_HOST = "$(BUNDLE_LOADER)";
				WRAPPER_EXTENSION = xctest;
			};
			name = Release;
		};
/* End XCBuildConfiguration section */

/* Begin XCConfigurationList section */
		E2E3459B181A71F000F47AA6 /* Build configuration list for PBXProject "GoogleMapsApp" */ = {
			isa = XCConfigurationList;
			buildConfigurations = (
				E2E345D0181A71F000F47AA6 /* Debug */,
				E2E345D1181A71F000F47AA6 /* Release */,
			);
			defaultConfigurationIsVisible = 0;
			defaultConfigurationName = Release;
		};
		E2E345D2181A71F000F47AA6 /* Build configuration list for PBXNativeTarget "GoogleMapsApp" */ = {
			isa = XCConfigurationList;
			buildConfigurations = (
				E2E345D3181A71F000F47AA6 /* Debug */,
				E2E345D4181A71F000F47AA6 /* Release */,
			);
			defaultConfigurationIsVisible = 0;
		};
		E2E345D5181A71F000F47AA6 /* Build configuration list for PBXNativeTarget "GoogleMapsAppTests" */ = {
			isa = XCConfigurationList;
			buildConfigurations = (
				E2E345D6181A71F000F47AA6 /* Debug */,
				E2E345D7181A71F000F47AA6 /* Release */,
			);
			defaultConfigurationIsVisible = 0;
		};
/* End XCConfigurationList section */
	};
	rootObject = E2E34598181A71F000F47AA6 /* Project object */;
}
